{
  "version": 4,
  "terraform_version": "1.2.6",
  "serial": 25,
  "lineage": "e4056d3e-3cb3-f7f8-c2db-aa2051a65b85",
  "outputs": {
    "elastic_ip": {
      "value": "eipalloc-06a3664ca7984422f",
      "type": "string"
    },
    "instance-private_ips": {
      "value": [
        "10.0.2.85",
        "10.0.2.240"
      ],
      "type": [
        "tuple",
        [
          "string",
          "string"
        ]
      ]
    },
    "instance_public_dns": {
      "value": [
        "ec2-54-165-9-174.compute-1.amazonaws.com",
        "ec2-3-85-117-41.compute-1.amazonaws.com"
      ],
      "type": [
        "tuple",
        [
          "string",
          "string"
        ]
      ]
    },
    "instance_public_ips": {
      "value": [
        "54.165.9.174",
        "3.85.117.41"
      ],
      "type": [
        "tuple",
        [
          "string",
          "string"
        ]
      ]
    },
    "vpc_id": {
      "value": "vpc-0db48297c4ee237f1",
      "type": "string"
    }
  },
  "resources": [
    {
      "mode": "managed",
      "type": "aws_eip",
      "name": "kafka_nat_eip",
      "provider": "provider[\"registry.terraform.io/hashicorp/aws\"]",
      "instances": [
        {
          "schema_version": 0,
          "attributes": {
            "address": null,
            "allocation_id": "eipalloc-06a3664ca7984422f",
            "associate_with_private_ip": null,
            "association_id": "eipassoc-08d0d97bc2e64714b",
            "carrier_ip": "",
            "customer_owned_ip": "",
            "customer_owned_ipv4_pool": "",
            "domain": "vpc",
            "id": "eipalloc-06a3664ca7984422f",
            "instance": "",
            "network_border_group": "us-east-1",
            "network_interface": "eni-0fa3533b9fcbf0f64",
            "private_dns": "ip-10-0-1-57.ec2.internal",
            "private_ip": "10.0.1.57",
            "public_dns": "ec2-34-194-82-140.compute-1.amazonaws.com",
            "public_ip": "34.194.82.140",
            "public_ipv4_pool": "amazon",
            "tags": {
              "Name": "kafka_nat_eip"
            },
            "tags_all": {
              "Name": "kafka_nat_eip"
            },
            "timeouts": null,
            "vpc": true
          },
          "sensitive_attributes": [],
          "private": "eyJlMmJmYjczMC1lY2FhLTExZTYtOGY4OC0zNDM2M2JjN2M0YzAiOnsiZGVsZXRlIjoxODAwMDAwMDAwMDAsInJlYWQiOjkwMDAwMDAwMDAwMCwidXBkYXRlIjozMDAwMDAwMDAwMDB9fQ=="
        }
      ]
    },
    {
      "mode": "managed",
      "type": "aws_instance",
      "name": "kafka_pri_instance",
      "provider": "provider[\"registry.terraform.io/hashicorp/aws\"]",
      "instances": [
        {
          "index_key": 0,
          "schema_version": 1,
          "attributes": {
            "ami": "ami-0729e439b6769d6ab",
            "arn": "arn:aws:ec2:us-east-1:122020192764:instance/i-070a1f1c265a55b89",
            "associate_public_ip_address": false,
            "availability_zone": "us-east-1e",
            "capacity_reservation_specification": [
              {
                "capacity_reservation_preference": "open",
                "capacity_reservation_target": []
              }
            ],
            "cpu_core_count": 1,
            "cpu_threads_per_core": 1,
            "credit_specification": [
              {
                "cpu_credits": "standard"
              }
            ],
            "disable_api_stop": false,
            "disable_api_termination": false,
            "ebs_block_device": [],
            "ebs_optimized": false,
            "enclave_options": [
              {
                "enabled": false
              }
            ],
            "ephemeral_block_device": [],
            "get_password_data": false,
            "hibernation": false,
            "host_id": null,
            "iam_instance_profile": "",
            "id": "i-070a1f1c265a55b89",
            "instance_initiated_shutdown_behavior": "stop",
            "instance_state": "running",
            "instance_type": "t2.micro",
            "ipv6_address_count": 0,
            "ipv6_addresses": [],
            "key_name": "kafka_keypair",
            "launch_template": [],
            "maintenance_options": [
              {
                "auto_recovery": "default"
              }
            ],
            "metadata_options": [
              {
                "http_endpoint": "enabled",
                "http_put_response_hop_limit": 1,
                "http_tokens": "optional",
                "instance_metadata_tags": "disabled"
              }
            ],
            "monitoring": false,
            "network_interface": [],
            "outpost_arn": "",
            "password_data": "",
            "placement_group": "",
            "placement_partition_number": null,
            "primary_network_interface_id": "eni-00bb8ec725a27efa0",
            "private_dns": "ip-10-0-2-85.ec2.internal",
            "private_dns_name_options": [
              {
                "enable_resource_name_dns_a_record": false,
                "enable_resource_name_dns_aaaa_record": false,
                "hostname_type": "ip-name"
              }
            ],
            "private_ip": "10.0.2.85",
            "public_dns": "",
            "public_ip": "",
            "root_block_device": [
              {
                "delete_on_termination": true,
                "device_name": "/dev/sda1",
                "encrypted": false,
                "iops": 100,
                "kms_key_id": "",
                "tags": {},
                "throughput": 0,
                "volume_id": "vol-0c090115c97635b2b",
                "volume_size": 8,
                "volume_type": "gp2"
              }
            ],
            "secondary_private_ips": [],
            "security_groups": [],
            "source_dest_check": true,
            "subnet_id": "subnet-0069e32109b148d45",
            "tags": {
              "Name": "kafka-pri-prod-01"
            },
            "tags_all": {
              "Name": "kafka-pri-prod-01"
            },
            "tenancy": "default",
            "timeouts": null,
            "user_data": null,
            "user_data_base64": null,
            "user_data_replace_on_change": false,
            "volume_tags": null,
            "vpc_security_group_ids": [
              "sg-0833d6fbc9a76b7f0"
            ]
          },
          "sensitive_attributes": [],
          "private": "eyJlMmJmYjczMC1lY2FhLTExZTYtOGY4OC0zNDM2M2JjN2M0YzAiOnsiY3JlYXRlIjo2MDAwMDAwMDAwMDAsImRlbGV0ZSI6MTIwMDAwMDAwMDAwMCwidXBkYXRlIjo2MDAwMDAwMDAwMDB9LCJzY2hlbWFfdmVyc2lvbiI6IjEifQ==",
          "dependencies": [
            "aws_security_group.kafka_sg",
            "aws_subnet.kafka_pri_subnet"
          ]
        },
        {
          "index_key": 1,
          "schema_version": 1,
          "attributes": {
            "ami": "ami-0729e439b6769d6ab",
            "arn": "arn:aws:ec2:us-east-1:122020192764:instance/i-057cb72b27d465d9b",
            "associate_public_ip_address": false,
            "availability_zone": "us-east-1e",
            "capacity_reservation_specification": [
              {
                "capacity_reservation_preference": "open",
                "capacity_reservation_target": []
              }
            ],
            "cpu_core_count": 1,
            "cpu_threads_per_core": 1,
            "credit_specification": [
              {
                "cpu_credits": "standard"
              }
            ],
            "disable_api_stop": false,
            "disable_api_termination": false,
            "ebs_block_device": [],
            "ebs_optimized": false,
            "enclave_options": [
              {
                "enabled": false
              }
            ],
            "ephemeral_block_device": [],
            "get_password_data": false,
            "hibernation": false,
            "host_id": null,
            "iam_instance_profile": "",
            "id": "i-057cb72b27d465d9b",
            "instance_initiated_shutdown_behavior": "stop",
            "instance_state": "running",
            "instance_type": "t2.micro",
            "ipv6_address_count": 0,
            "ipv6_addresses": [],
            "key_name": "kafka_keypair",
            "launch_template": [],
            "maintenance_options": [
              {
                "auto_recovery": "default"
              }
            ],
            "metadata_options": [
              {
                "http_endpoint": "enabled",
                "http_put_response_hop_limit": 1,
                "http_tokens": "optional",
                "instance_metadata_tags": "disabled"
              }
            ],
            "monitoring": false,
            "network_interface": [],
            "outpost_arn": "",
            "password_data": "",
            "placement_group": "",
            "placement_partition_number": null,
            "primary_network_interface_id": "eni-04737f8a51f9ee524",
            "private_dns": "ip-10-0-2-240.ec2.internal",
            "private_dns_name_options": [
              {
                "enable_resource_name_dns_a_record": false,
                "enable_resource_name_dns_aaaa_record": false,
                "hostname_type": "ip-name"
              }
            ],
            "private_ip": "10.0.2.240",
            "public_dns": "",
            "public_ip": "",
            "root_block_device": [
              {
                "delete_on_termination": true,
                "device_name": "/dev/sda1",
                "encrypted": false,
                "iops": 100,
                "kms_key_id": "",
                "tags": {},
                "throughput": 0,
                "volume_id": "vol-0e47561f792a39115",
                "volume_size": 8,
                "volume_type": "gp2"
              }
            ],
            "secondary_private_ips": [],
            "security_groups": [],
            "source_dest_check": true,
            "subnet_id": "subnet-0069e32109b148d45",
            "tags": {
              "Name": "kafka-pri-prod-02"
            },
            "tags_all": {
              "Name": "kafka-pri-prod-02"
            },
            "tenancy": "default",
            "timeouts": null,
            "user_data": null,
            "user_data_base64": null,
            "user_data_replace_on_change": false,
            "volume_tags": null,
            "vpc_security_group_ids": [
              "sg-0833d6fbc9a76b7f0"
            ]
          },
          "sensitive_attributes": [],
          "private": "eyJlMmJmYjczMC1lY2FhLTExZTYtOGY4OC0zNDM2M2JjN2M0YzAiOnsiY3JlYXRlIjo2MDAwMDAwMDAwMDAsImRlbGV0ZSI6MTIwMDAwMDAwMDAwMCwidXBkYXRlIjo2MDAwMDAwMDAwMDB9LCJzY2hlbWFfdmVyc2lvbiI6IjEifQ==",
          "dependencies": [
            "aws_security_group.kafka_sg",
            "aws_subnet.kafka_pri_subnet"
          ]
        }
      ]
    },
    {
      "mode": "managed",
      "type": "aws_instance",
      "name": "kafka_pub_instance",
      "provider": "provider[\"registry.terraform.io/hashicorp/aws\"]",
      "instances": [
        {
          "index_key": 0,
          "schema_version": 1,
          "attributes": {
            "ami": "ami-0729e439b6769d6ab",
            "arn": "arn:aws:ec2:us-east-1:122020192764:instance/i-052560592b533f33b",
            "associate_public_ip_address": true,
            "availability_zone": "us-east-1c",
            "capacity_reservation_specification": [
              {
                "capacity_reservation_preference": "open",
                "capacity_reservation_target": []
              }
            ],
            "cpu_core_count": 1,
            "cpu_threads_per_core": 1,
            "credit_specification": [
              {
                "cpu_credits": "standard"
              }
            ],
            "disable_api_stop": false,
            "disable_api_termination": false,
            "ebs_block_device": [],
            "ebs_optimized": false,
            "enclave_options": [
              {
                "enabled": false
              }
            ],
            "ephemeral_block_device": [],
            "get_password_data": false,
            "hibernation": false,
            "host_id": null,
            "iam_instance_profile": "",
            "id": "i-052560592b533f33b",
            "instance_initiated_shutdown_behavior": "stop",
            "instance_state": "running",
            "instance_type": "t2.micro",
            "ipv6_address_count": 0,
            "ipv6_addresses": [],
            "key_name": "kafka_keypair",
            "launch_template": [],
            "maintenance_options": [
              {
                "auto_recovery": "default"
              }
            ],
            "metadata_options": [
              {
                "http_endpoint": "enabled",
                "http_put_response_hop_limit": 1,
                "http_tokens": "optional",
                "instance_metadata_tags": "disabled"
              }
            ],
            "monitoring": false,
            "network_interface": [],
            "outpost_arn": "",
            "password_data": "",
            "placement_group": "",
            "placement_partition_number": null,
            "primary_network_interface_id": "eni-099c445f4da526161",
            "private_dns": "ip-10-0-1-76.ec2.internal",
            "private_dns_name_options": [
              {
                "enable_resource_name_dns_a_record": false,
                "enable_resource_name_dns_aaaa_record": false,
                "hostname_type": "ip-name"
              }
            ],
            "private_ip": "10.0.1.76",
            "public_dns": "ec2-54-165-9-174.compute-1.amazonaws.com",
            "public_ip": "54.165.9.174",
            "root_block_device": [
              {
                "delete_on_termination": true,
                "device_name": "/dev/sda1",
                "encrypted": false,
                "iops": 100,
                "kms_key_id": "",
                "tags": {},
                "throughput": 0,
                "volume_id": "vol-03daf57ac70238bbc",
                "volume_size": 8,
                "volume_type": "gp2"
              }
            ],
            "secondary_private_ips": [],
            "security_groups": [],
            "source_dest_check": true,
            "subnet_id": "subnet-021f9033a6687e1d7",
            "tags": {
              "Name": "kafka-pub-prod-01"
            },
            "tags_all": {
              "Name": "kafka-pub-prod-01"
            },
            "tenancy": "default",
            "timeouts": null,
            "user_data": null,
            "user_data_base64": null,
            "user_data_replace_on_change": false,
            "volume_tags": null,
            "vpc_security_group_ids": [
              "sg-0833d6fbc9a76b7f0"
            ]
          },
          "sensitive_attributes": [],
          "private": "eyJlMmJmYjczMC1lY2FhLTExZTYtOGY4OC0zNDM2M2JjN2M0YzAiOnsiY3JlYXRlIjo2MDAwMDAwMDAwMDAsImRlbGV0ZSI6MTIwMDAwMDAwMDAwMCwidXBkYXRlIjo2MDAwMDAwMDAwMDB9LCJzY2hlbWFfdmVyc2lvbiI6IjEifQ==",
          "dependencies": [
            "aws_security_group.kafka_sg",
            "aws_subnet.kafka_pub_subnet"
          ]
        },
        {
          "index_key": 1,
          "schema_version": 1,
          "attributes": {
            "ami": "ami-0729e439b6769d6ab",
            "arn": "arn:aws:ec2:us-east-1:122020192764:instance/i-06e44aeb6e629ccf2",
            "associate_public_ip_address": true,
            "availability_zone": "us-east-1c",
            "capacity_reservation_specification": [
              {
                "capacity_reservation_preference": "open",
                "capacity_reservation_target": []
              }
            ],
            "cpu_core_count": 1,
            "cpu_threads_per_core": 1,
            "credit_specification": [
              {
                "cpu_credits": "standard"
              }
            ],
            "disable_api_stop": false,
            "disable_api_termination": false,
            "ebs_block_device": [],
            "ebs_optimized": false,
            "enclave_options": [
              {
                "enabled": false
              }
            ],
            "ephemeral_block_device": [],
            "get_password_data": false,
            "hibernation": false,
            "host_id": null,
            "iam_instance_profile": "",
            "id": "i-06e44aeb6e629ccf2",
            "instance_initiated_shutdown_behavior": "stop",
            "instance_state": "running",
            "instance_type": "t2.micro",
            "ipv6_address_count": 0,
            "ipv6_addresses": [],
            "key_name": "kafka_keypair",
            "launch_template": [],
            "maintenance_options": [
              {
                "auto_recovery": "default"
              }
            ],
            "metadata_options": [
              {
                "http_endpoint": "enabled",
                "http_put_response_hop_limit": 1,
                "http_tokens": "optional",
                "instance_metadata_tags": "disabled"
              }
            ],
            "monitoring": false,
            "network_interface": [],
            "outpost_arn": "",
            "password_data": "",
            "placement_group": "",
            "placement_partition_number": null,
            "primary_network_interface_id": "eni-0317823413dec748f",
            "private_dns": "ip-10-0-1-124.ec2.internal",
            "private_dns_name_options": [
              {
                "enable_resource_name_dns_a_record": false,
                "enable_resource_name_dns_aaaa_record": false,
                "hostname_type": "ip-name"
              }
            ],
            "private_ip": "10.0.1.124",
            "public_dns": "ec2-3-85-117-41.compute-1.amazonaws.com",
            "public_ip": "3.85.117.41",
            "root_block_device": [
              {
                "delete_on_termination": true,
                "device_name": "/dev/sda1",
                "encrypted": false,
                "iops": 100,
                "kms_key_id": "",
                "tags": {},
                "throughput": 0,
                "volume_id": "vol-04b0d6e6c63a5ba0b",
                "volume_size": 8,
                "volume_type": "gp2"
              }
            ],
            "secondary_private_ips": [],
            "security_groups": [],
            "source_dest_check": true,
            "subnet_id": "subnet-021f9033a6687e1d7",
            "tags": {
              "Name": "kafka-pub-prod-02"
            },
            "tags_all": {
              "Name": "kafka-pub-prod-02"
            },
            "tenancy": "default",
            "timeouts": null,
            "user_data": null,
            "user_data_base64": null,
            "user_data_replace_on_change": false,
            "volume_tags": null,
            "vpc_security_group_ids": [
              "sg-0833d6fbc9a76b7f0"
            ]
          },
          "sensitive_attributes": [],
          "private": "eyJlMmJmYjczMC1lY2FhLTExZTYtOGY4OC0zNDM2M2JjN2M0YzAiOnsiY3JlYXRlIjo2MDAwMDAwMDAwMDAsImRlbGV0ZSI6MTIwMDAwMDAwMDAwMCwidXBkYXRlIjo2MDAwMDAwMDAwMDB9LCJzY2hlbWFfdmVyc2lvbiI6IjEifQ==",
          "dependencies": [
            "aws_security_group.kafka_sg",
            "aws_subnet.kafka_pub_subnet"
          ]
        }
      ]
    },
    {
      "mode": "managed",
      "type": "aws_internet_gateway",
      "name": "kafka_igw",
      "provider": "provider[\"registry.terraform.io/hashicorp/aws\"]",
      "instances": [
        {
          "schema_version": 0,
          "attributes": {
            "arn": "arn:aws:ec2:us-east-1:122020192764:internet-gateway/igw-0d28b87ff69e296d7",
            "id": "igw-0d28b87ff69e296d7",
            "owner_id": "122020192764",
            "tags": {
              "Name": "kafka_igw"
            },
            "tags_all": {
              "Name": "kafka_igw"
            },
            "timeouts": null,
            "vpc_id": "vpc-0db48297c4ee237f1"
          },
          "sensitive_attributes": [],
          "private": "eyJlMmJmYjczMC1lY2FhLTExZTYtOGY4OC0zNDM2M2JjN2M0YzAiOnsiY3JlYXRlIjoxMjAwMDAwMDAwMDAwLCJkZWxldGUiOjEyMDAwMDAwMDAwMDAsInVwZGF0ZSI6MTIwMDAwMDAwMDAwMH19",
          "dependencies": [
            "aws_vpc.kafka_vpc"
          ]
        }
      ]
    },
    {
      "mode": "managed",
      "type": "aws_key_pair",
      "name": "kafka_pub_key",
      "provider": "provider[\"registry.terraform.io/hashicorp/aws\"]",
      "instances": [
        {
          "schema_version": 1,
          "attributes": {
            "arn": "arn:aws:ec2:us-east-1:122020192764:key-pair/kafka_keypair",
            "fingerprint": "8e:b9:d7:33:59:1d:48:04:a1:36:4f:f0:0e:d3:8d:88",
            "id": "kafka_keypair",
            "key_name": "kafka_keypair",
            "key_name_prefix": "",
            "key_pair_id": "key-05c0f5b02fd93ac4a",
            "key_type": "rsa",
            "public_key": "ssh-rsa AAAAB3NzaC1yc2EAAAADAQABAAACAQDOax3kVbx7DTdt/gbQLnCrCsqH7Vb7mFPIEiBnxZ5ZkGjf2n0y1mmoJFo+F5aXoJcZsO1NVbGjEvrzwNFvwnH0OusMKvmDaxe10q7zgHCI7he5j/vVEMDs6QkxiJ5zzZSluUF3iPxsq/mg3vrHUAx/XI54k+tPWqywMLGIGKQMpJ86RrRzv3NPJnmq7kDFrJ8JsJaSMwUUYPq1GbufILY6D09kLy0oFwjnNpNsFYvCEqm1/dc8rwBmwdFQDfJQ2j6VPRFc2H4uXN/NQcHKH84g4iLEm/U1QXLKMx0mLUicq3tEdnwz12z3TSYAzEqmIO9Cn0Ot7ubyw8B+9fqGEjALbMYmVJs27aqHu9Qfe7PGbxSBnmGqp2ih2JOK4z0n3Akb3nJA1gZij7EGuwRSTs4ewLtnLG6QkpzPrev7WoOQt/wg9l67f4pgUeT31kLukcW32PTqvJVeujbPyZe1Q9Hv6ySSb0H4U1DH+ZGXL7qCaJra52bev0Xx25jcDW6sjv+1o4Br9AdDvkvoQNIxHYF1wI4VdlAmftwD7XYqsxUEv9A9L00+/lpSqCuKw+OOVMEi5Ef2V5RFfEHSLaUX5dvh4TkmMEbJsIQl4Kmhs4zxxgRIoXJtAHvbcGwTFwHLuAEubAWziSNXjCuErHRClF7u2gsq5e2n1Y/xdETUdQzZjQ==",
            "tags": {},
            "tags_all": {}
          },
          "sensitive_attributes": [],
          "private": "eyJzY2hlbWFfdmVyc2lvbiI6IjEifQ==",
          "dependencies": [
            "tls_private_key.kafka_ssh"
          ]
        }
      ]
    },
    {
      "mode": "managed",
      "type": "aws_nat_gateway",
      "name": "kafka_nat",
      "provider": "provider[\"registry.terraform.io/hashicorp/aws\"]",
      "instances": [
        {
          "schema_version": 0,
          "attributes": {
            "allocation_id": "eipalloc-06a3664ca7984422f",
            "connectivity_type": "public",
            "id": "nat-075a47d37b6126f8f",
            "network_interface_id": "eni-0fa3533b9fcbf0f64",
            "private_ip": "10.0.1.57",
            "public_ip": "34.194.82.140",
            "subnet_id": "subnet-021f9033a6687e1d7",
            "tags": {
              "Name": "kafka_nat"
            },
            "tags_all": {
              "Name": "kafka_nat"
            }
          },
          "sensitive_attributes": [],
          "private": "bnVsbA==",
          "dependencies": [
            "aws_eip.kafka_nat_eip",
            "aws_subnet.kafka_pub_subnet",
            "aws_vpc.kafka_vpc"
          ]
        }
      ]
    },
    {
      "mode": "managed",
      "type": "aws_route_table",
      "name": "kafka_pri_rt",
      "provider": "provider[\"registry.terraform.io/hashicorp/aws\"]",
      "instances": [
        {
          "schema_version": 0,
          "attributes": {
            "arn": "arn:aws:ec2:us-east-1:122020192764:route-table/rtb-078f0321792a0edae",
            "id": "rtb-078f0321792a0edae",
            "owner_id": "122020192764",
            "propagating_vgws": [],
            "route": [
              {
                "carrier_gateway_id": "",
                "cidr_block": "0.0.0.0/0",
                "core_network_arn": "",
                "destination_prefix_list_id": "",
                "egress_only_gateway_id": "",
                "gateway_id": "nat-075a47d37b6126f8f",
                "instance_id": "",
                "ipv6_cidr_block": "",
                "local_gateway_id": "",
                "nat_gateway_id": "",
                "network_interface_id": "",
                "transit_gateway_id": "",
                "vpc_endpoint_id": "",
                "vpc_peering_connection_id": ""
              }
            ],
            "tags": {
              "Name": "kafka_pri_rt"
            },
            "tags_all": {
              "Name": "kafka_pri_rt"
            },
            "timeouts": null,
            "vpc_id": "vpc-0db48297c4ee237f1"
          },
          "sensitive_attributes": [],
          "private": "eyJlMmJmYjczMC1lY2FhLTExZTYtOGY4OC0zNDM2M2JjN2M0YzAiOnsiY3JlYXRlIjozMDAwMDAwMDAwMDAsImRlbGV0ZSI6MzAwMDAwMDAwMDAwLCJ1cGRhdGUiOjEyMDAwMDAwMDAwMH19",
          "dependencies": [
            "aws_nat_gateway.kafka_nat",
            "aws_vpc.kafka_vpc"
          ]
        }
      ]
    },
    {
      "mode": "managed",
      "type": "aws_route_table",
      "name": "kafka_pub_rt",
      "provider": "provider[\"registry.terraform.io/hashicorp/aws\"]",
      "instances": [
        {
          "schema_version": 0,
          "attributes": {
            "arn": "arn:aws:ec2:us-east-1:122020192764:route-table/rtb-0b92f7e3cfcee9ac2",
            "id": "rtb-0b92f7e3cfcee9ac2",
            "owner_id": "122020192764",
            "propagating_vgws": [],
            "route": [
              {
                "carrier_gateway_id": "",
                "cidr_block": "0.0.0.0/0",
                "core_network_arn": "",
                "destination_prefix_list_id": "",
                "egress_only_gateway_id": "",
                "gateway_id": "igw-0d28b87ff69e296d7",
                "instance_id": "",
                "ipv6_cidr_block": "",
                "local_gateway_id": "",
                "nat_gateway_id": "",
                "network_interface_id": "",
                "transit_gateway_id": "",
                "vpc_endpoint_id": "",
                "vpc_peering_connection_id": ""
              }
            ],
            "tags": {
              "Name": "kafka_pub_rt"
            },
            "tags_all": {
              "Name": "kafka_pub_rt"
            },
            "timeouts": null,
            "vpc_id": "vpc-0db48297c4ee237f1"
          },
          "sensitive_attributes": [],
          "private": "eyJlMmJmYjczMC1lY2FhLTExZTYtOGY4OC0zNDM2M2JjN2M0YzAiOnsiY3JlYXRlIjozMDAwMDAwMDAwMDAsImRlbGV0ZSI6MzAwMDAwMDAwMDAwLCJ1cGRhdGUiOjEyMDAwMDAwMDAwMH19",
          "dependencies": [
            "aws_internet_gateway.kafka_igw",
            "aws_vpc.kafka_vpc"
          ]
        }
      ]
    },
    {
      "mode": "managed",
      "type": "aws_route_table_association",
      "name": "rta1",
      "provider": "provider[\"registry.terraform.io/hashicorp/aws\"]",
      "instances": [
        {
          "schema_version": 0,
          "attributes": {
            "gateway_id": "",
            "id": "rtbassoc-00f1d36980f763c62",
            "route_table_id": "rtb-0b92f7e3cfcee9ac2",
            "subnet_id": "subnet-021f9033a6687e1d7"
          },
          "sensitive_attributes": [],
          "private": "bnVsbA==",
          "dependencies": [
            "aws_internet_gateway.kafka_igw",
            "aws_route_table.kafka_pub_rt",
            "aws_subnet.kafka_pub_subnet",
            "aws_vpc.kafka_vpc"
          ]
        }
      ]
    },
    {
      "mode": "managed",
      "type": "aws_route_table_association",
      "name": "rta2",
      "provider": "provider[\"registry.terraform.io/hashicorp/aws\"]",
      "instances": [
        {
          "schema_version": 0,
          "attributes": {
            "gateway_id": "",
            "id": "rtbassoc-08b3b30071cc36142",
            "route_table_id": "rtb-078f0321792a0edae",
            "subnet_id": "subnet-0069e32109b148d45"
          },
          "sensitive_attributes": [],
          "private": "bnVsbA==",
          "dependencies": [
            "aws_eip.kafka_nat_eip",
            "aws_nat_gateway.kafka_nat",
            "aws_route_table.kafka_pri_rt",
            "aws_subnet.kafka_pri_subnet",
            "aws_subnet.kafka_pub_subnet",
            "aws_vpc.kafka_vpc"
          ]
        }
      ]
    },
    {
      "mode": "managed",
      "type": "aws_security_group",
      "name": "kafka_sg",
      "provider": "provider[\"registry.terraform.io/hashicorp/aws\"]",
      "instances": [
        {
          "schema_version": 1,
          "attributes": {
            "arn": "arn:aws:ec2:us-east-1:122020192764:security-group/sg-0833d6fbc9a76b7f0",
            "description": "Accept incoming connections.",
            "egress": [
              {
                "cidr_blocks": [
                  "0.0.0.0/0"
                ],
                "description": "",
                "from_port": 0,
                "ipv6_cidr_blocks": [],
                "prefix_list_ids": [],
                "protocol": "-1",
                "security_groups": [],
                "self": false,
                "to_port": 0
              }
            ],
            "id": "sg-0833d6fbc9a76b7f0",
            "ingress": [
              {
                "cidr_blocks": [
                  "0.0.0.0/0"
                ],
                "description": "",
                "from_port": -1,
                "ipv6_cidr_blocks": [],
                "prefix_list_ids": [],
                "protocol": "icmp",
                "security_groups": [],
                "self": false,
                "to_port": -1
              },
              {
                "cidr_blocks": [
                  "0.0.0.0/0"
                ],
                "description": "Control Center",
                "from_port": 9021,
                "ipv6_cidr_blocks": [],
                "prefix_list_ids": [],
                "protocol": "tcp",
                "security_groups": [],
                "self": false,
                "to_port": 9021
              },
              {
                "cidr_blocks": [
                  "0.0.0.0/0"
                ],
                "description": "JMX",
                "from_port": 1099,
                "ipv6_cidr_blocks": [],
                "prefix_list_ids": [],
                "protocol": "tcp",
                "security_groups": [],
                "self": false,
                "to_port": 1099
              },
              {
                "cidr_blocks": [
                  "0.0.0.0/0"
                ],
                "description": "KSQL Server REST API",
                "from_port": 8088,
                "ipv6_cidr_blocks": [],
                "prefix_list_ids": [],
                "protocol": "tcp",
                "security_groups": [],
                "self": false,
                "to_port": 8088
              },
              {
                "cidr_blocks": [
                  "0.0.0.0/0"
                ],
                "description": "Kafka Brokers",
                "from_port": 9092,
                "ipv6_cidr_blocks": [],
                "prefix_list_ids": [],
                "protocol": "tcp",
                "security_groups": [],
                "self": false,
                "to_port": 9092
              },
              {
                "cidr_blocks": [
                  "0.0.0.0/0"
                ],
                "description": "Kafka Connect REST API",
                "from_port": 8083,
                "ipv6_cidr_blocks": [],
                "prefix_list_ids": [],
                "protocol": "tcp",
                "security_groups": [],
                "self": false,
                "to_port": 8083
              },
              {
                "cidr_blocks": [
                  "0.0.0.0/0"
                ],
                "description": "REST Proxy",
                "from_port": 8082,
                "ipv6_cidr_blocks": [],
                "prefix_list_ids": [],
                "protocol": "tcp",
                "security_groups": [],
                "self": false,
                "to_port": 8082
              },
              {
                "cidr_blocks": [
                  "0.0.0.0/0"
                ],
                "description": "SSH",
                "from_port": 22,
                "ipv6_cidr_blocks": [],
                "prefix_list_ids": [],
                "protocol": "tcp",
                "security_groups": [],
                "self": false,
                "to_port": 22
              },
              {
                "cidr_blocks": [
                  "0.0.0.0/0"
                ],
                "description": "Schema Registry REST API",
                "from_port": 8081,
                "ipv6_cidr_blocks": [],
                "prefix_list_ids": [],
                "protocol": "tcp",
                "security_groups": [],
                "self": false,
                "to_port": 8081
              },
              {
                "cidr_blocks": [
                  "0.0.0.0/0"
                ],
                "description": "ZooKeeper",
                "from_port": 2181,
                "ipv6_cidr_blocks": [],
                "prefix_list_ids": [],
                "protocol": "tcp",
                "security_groups": [],
                "self": false,
                "to_port": 2181
              },
              {
                "cidr_blocks": [
                  "0.0.0.0/0"
                ],
                "description": "ZooKeeper",
                "from_port": 2888,
                "ipv6_cidr_blocks": [],
                "prefix_list_ids": [],
                "protocol": "tcp",
                "security_groups": [],
                "self": false,
                "to_port": 2888
              },
              {
                "cidr_blocks": [
                  "0.0.0.0/0"
                ],
                "description": "ZooKeeper",
                "from_port": 3888,
                "ipv6_cidr_blocks": [],
                "prefix_list_ids": [],
                "protocol": "tcp",
                "security_groups": [],
                "self": false,
                "to_port": 3888
              }
            ],
            "name": "kafka_sg",
            "name_prefix": "",
            "owner_id": "122020192764",
            "revoke_rules_on_delete": false,
            "tags": {
              "Name": "kafka_cluster_sg"
            },
            "tags_all": {
              "Name": "kafka_cluster_sg"
            },
            "timeouts": null,
            "vpc_id": "vpc-0db48297c4ee237f1"
          },
          "sensitive_attributes": [],
          "private": "eyJlMmJmYjczMC1lY2FhLTExZTYtOGY4OC0zNDM2M2JjN2M0YzAiOnsiY3JlYXRlIjo2MDAwMDAwMDAwMDAsImRlbGV0ZSI6OTAwMDAwMDAwMDAwfSwic2NoZW1hX3ZlcnNpb24iOiIxIn0=",
          "dependencies": [
            "aws_vpc.kafka_vpc"
          ]
        }
      ]
    },
    {
      "mode": "managed",
      "type": "aws_subnet",
      "name": "kafka_pri_subnet",
      "provider": "provider[\"registry.terraform.io/hashicorp/aws\"]",
      "instances": [
        {
          "schema_version": 1,
          "attributes": {
            "arn": "arn:aws:ec2:us-east-1:122020192764:subnet/subnet-0069e32109b148d45",
            "assign_ipv6_address_on_creation": false,
            "availability_zone": "us-east-1e",
            "availability_zone_id": "use1-az3",
            "cidr_block": "10.0.2.0/24",
            "customer_owned_ipv4_pool": "",
            "enable_dns64": false,
            "enable_resource_name_dns_a_record_on_launch": false,
            "enable_resource_name_dns_aaaa_record_on_launch": false,
            "id": "subnet-0069e32109b148d45",
            "ipv6_cidr_block": "",
            "ipv6_cidr_block_association_id": "",
            "ipv6_native": false,
            "map_customer_owned_ip_on_launch": false,
            "map_public_ip_on_launch": false,
            "outpost_arn": "",
            "owner_id": "122020192764",
            "private_dns_hostname_type_on_launch": "ip-name",
            "tags": {
              "Name": "Kafka_Private_Subnet"
            },
            "tags_all": {
              "Name": "Kafka_Private_Subnet"
            },
            "timeouts": null,
            "vpc_id": "vpc-0db48297c4ee237f1"
          },
          "sensitive_attributes": [],
          "private": "eyJlMmJmYjczMC1lY2FhLTExZTYtOGY4OC0zNDM2M2JjN2M0YzAiOnsiY3JlYXRlIjo2MDAwMDAwMDAwMDAsImRlbGV0ZSI6MTIwMDAwMDAwMDAwMH0sInNjaGVtYV92ZXJzaW9uIjoiMSJ9",
          "dependencies": [
            "aws_vpc.kafka_vpc"
          ]
        }
      ]
    },
    {
      "mode": "managed",
      "type": "aws_subnet",
      "name": "kafka_pub_subnet",
      "provider": "provider[\"registry.terraform.io/hashicorp/aws\"]",
      "instances": [
        {
          "schema_version": 1,
          "attributes": {
            "arn": "arn:aws:ec2:us-east-1:122020192764:subnet/subnet-021f9033a6687e1d7",
            "assign_ipv6_address_on_creation": false,
            "availability_zone": "us-east-1c",
            "availability_zone_id": "use1-az6",
            "cidr_block": "10.0.1.0/24",
            "customer_owned_ipv4_pool": "",
            "enable_dns64": false,
            "enable_resource_name_dns_a_record_on_launch": false,
            "enable_resource_name_dns_aaaa_record_on_launch": false,
            "id": "subnet-021f9033a6687e1d7",
            "ipv6_cidr_block": "",
            "ipv6_cidr_block_association_id": "",
            "ipv6_native": false,
            "map_customer_owned_ip_on_launch": false,
            "map_public_ip_on_launch": true,
            "outpost_arn": "",
            "owner_id": "122020192764",
            "private_dns_hostname_type_on_launch": "ip-name",
            "tags": {
              "Name": "Kafka_Public_Subnet"
            },
            "tags_all": {
              "Name": "Kafka_Public_Subnet"
            },
            "timeouts": null,
            "vpc_id": "vpc-0db48297c4ee237f1"
          },
          "sensitive_attributes": [],
          "private": "eyJlMmJmYjczMC1lY2FhLTExZTYtOGY4OC0zNDM2M2JjN2M0YzAiOnsiY3JlYXRlIjo2MDAwMDAwMDAwMDAsImRlbGV0ZSI6MTIwMDAwMDAwMDAwMH0sInNjaGVtYV92ZXJzaW9uIjoiMSJ9",
          "dependencies": [
            "aws_vpc.kafka_vpc"
          ]
        }
      ]
    },
    {
      "mode": "managed",
      "type": "aws_vpc",
      "name": "kafka_vpc",
      "provider": "provider[\"registry.terraform.io/hashicorp/aws\"]",
      "instances": [
        {
          "schema_version": 1,
          "attributes": {
            "arn": "arn:aws:ec2:us-east-1:122020192764:vpc/vpc-0db48297c4ee237f1",
            "assign_generated_ipv6_cidr_block": false,
            "cidr_block": "10.0.0.0/16",
            "default_network_acl_id": "acl-0f23860f86d0d17d5",
            "default_route_table_id": "rtb-04779e971a5ab257d",
            "default_security_group_id": "sg-006ed60381f42fedf",
            "dhcp_options_id": "dopt-042f10be26195aec3",
            "enable_classiclink": false,
            "enable_classiclink_dns_support": false,
            "enable_dns_hostnames": true,
            "enable_dns_support": true,
            "id": "vpc-0db48297c4ee237f1",
            "instance_tenancy": "default",
            "ipv4_ipam_pool_id": null,
            "ipv4_netmask_length": null,
            "ipv6_association_id": "",
            "ipv6_cidr_block": "",
            "ipv6_cidr_block_network_border_group": "",
            "ipv6_ipam_pool_id": "",
            "ipv6_netmask_length": 0,
            "main_route_table_id": "rtb-04779e971a5ab257d",
            "owner_id": "122020192764",
            "tags": {
              "Name": "Kafka_VPC"
            },
            "tags_all": {
              "Name": "Kafka_VPC"
            }
          },
          "sensitive_attributes": [],
          "private": "eyJzY2hlbWFfdmVyc2lvbiI6IjEifQ=="
        }
      ]
    },
    {
      "mode": "managed",
      "type": "local_file",
      "name": "kafka_pri-key",
      "provider": "provider[\"registry.terraform.io/hashicorp/local\"]",
      "instances": [
        {
          "schema_version": 0,
          "attributes": {
            "content": "-----BEGIN RSA PRIVATE KEY-----\nMIIJKAIBAAKCAgEAzmsd5FW8ew03bf4G0C5wqwrKh+1W+5hTyBIgZ8WeWZBo39p9\nMtZpqCRaPheWl6CXGbDtTVWxoxL688DRb8Jx9DrrDCr5g2sXtdKu84BwiO4XuY/7\n1RDA7OkJMYiec82UpblBd4j8bKv5oN76x1AMf1yOeJPrT1qssDCxiBikDKSfOka0\nc79zTyZ5qu5AxayfCbCWkjMFFGD6tRm7nyC2Og9PZC8tKBcI5zaTbBWLwhKptf3X\nPK8AZsHRUA3yUNo+lT0RXNh+LlzfzUHByh/OIOIixJv1NUFyyjMdJi1InKt7RHZ8\nM9ds900mAMxKpiDvQp9Dre7m8sPAfvX6hhIwC2zGJlSbNu2qh7vUH3uzxm8UgZ5h\nqqdoodiTiuM9J9wJG95yQNYGYo+xBrsEUk7OHsC7ZyxukJKcz63r+1qDkLf8IPZe\nu3+KYFHk99ZC7pHFt9j06ryVXro2z8mXtUPR7+skkm9B+FNQx/mRly+6gmia2udm\n3r9F8duY3A1urI7/taOAa/QHQ75L6EDSMR2BdcCOFXZQJn7cA+12KrMVBL/QPS9N\nPv5aUqgrisPjjlTBIuRH9leURXxB0i2lF+Xb4eE5JjBGybCEJeCpobOM8cYESKFy\nbQB723BsExcBy7gBLmwFs4kjV4wrhKx0QpRe7toLKuXtp9WP8XRE1HUM2Y0CAwEA\nAQKCAgAN2ImMw2N9LYnGSv/R/wt3raWgMH9hKPqVtQGPdGYGw/UE7vbu7grwSF/1\nQkfLq+32vzNruI/NzHwg1ZI22Ogj5b/WdRt/gTN58sPheYAS70WQIORXimQmgAsp\n02wtgGC0LRUDG6Ey+OYpsEtKC0iLUn4MAIAMNpzWxK1j36NBZdl4Yz2/ddwaNw56\nNLkLiWSxlbLD48A3ebnXY/590gfnJRfCNJfm1IS4XaTN3zQctHvFxV0mqOZx/hY4\nNHdIjRsdj5cWjz8HhRtN/VcuY6vD8Oc8IOn1xIoangsagHcaazY9hWUXZR/eBsLB\n0vI+6n6iDWTQyfGb3x2OZpmDXLz0KGPhcn0iRmasYhzoQ+K0E9y3G285artfCvjc\n4xL9BIYBX3vDQhoKpWrieCU1yLltJTZ3ij0o+KKeI/1zh1MTQmmGMOMgqS/vJ1+E\nMVAsP/ZjxBhagAj587+srSjLTokKTERrfY4stHu6AS7bkqA52Dyq5zcjP3tioL3L\n1jrFLCNGMi4v9/TaWIa10DbbMzby45NEPrHet0gP0WGRd6hZT0Af/lkQZzCzZz6t\nG2AXWHUJqsDS1T0jOqr0etnd6fdU0+wAD/PAxoBuZT3Bji2n0wUwD2fX7vYEBR9v\n/266Wl+RNPkwlpUDMSxyd8tRaNucmRVs7sUd/xsn0VFqSeaEUQKCAQEA4j6fbZOA\nrrVPvZgmuSHBAu+xMiL/+GgdElG9JHZrmBVoZkGos1cvpQ4NAUiW1ypbXLrsyygf\nfn2oyO2/I3TZwoDznWMPg7B07W0dN2hHVVR2f+8a1mt1XQDfFCXoKaz12T0pPc03\no0gNSo+LKw4VvnVT9o3QCAddB7jMuHD+En02jAAO7fiCSzxSyGQ9m4Fgjutvvf2H\npf87GCHfRVdAivdOPahN80gbv8hgssk5D6NhOryS1Xyq36ecro7R1Y2pBSOYwDZf\nFpb8FhH/nUUTfSYuELPZibjxVRro1Ezz2fsSl9WoRyHDOswqQRqmYTbIi66brUJ6\nD3saPXoaKXCnSwKCAQEA6ZD4cFBYKmdt/Toz4WDfiXKtAeOJuavbwdYxrgMPr6Bu\nbs5eBmxNRSknq8aRbPhxtVH2ftFRwp3xKqpnur/UsECsn/PlCRgYKDbjqCaAGC7i\nKfZJeHrbz7jTxpiswzzryNX0YC4KX+DAdEHUBsgd538GmSTaJubfl/w2OzdAmkzI\n2UjMegNwxbFXGvthGfwAFRdcOuDdNS1vEVjJnDkq9LSjj4Pv3R4tIKMzuxQeQ7I/\ndich7qS83XcVtigqWopj/zWy8ZbHpUUpdgbQrbyv4/IwqPnH8d9kcyqqNbxtHfhj\nxomictSE0QtIeA7EQU5/8nc64tPmA/nh5tJwBxRDhwKCAQAmXSoZoZ57gaFA7BD8\n6Z1aCx0H/GldTQJI/fVNvormIhMu68lYh9s7aNOJuS5i0/rkEYpftLEKePJrB+2W\nbJUUZ1tn/8k8smpRbGQ85gDallT1wqzRWS1wlNo/B2KD1qFlsfpRUYAyvuAKGacm\nqN/FCQ4wy8FP6ze6PHryd66Nog/i04u0jKRDb7o14tGTke+2rHOpStl6q3nw0KWU\nk4QNTHxG9kgpjbuu3KKRDpAPd8vf8uQPMXGkNT7bVrp8NOZJScz4IwAiy315nJm0\nqGbynMvI50ZnFSZPIR4ECfx7pRh1CLTdQvtg+AfePE+kQm7lSLl7Or+J6nz7mb3f\n8wtbAoIBAFdTa3/amkwoZZgzBaizZoBmTscRArJXzg83/VUZMekxK3jkUYVHQtCj\n5YA0+rRqY2EupuGdc1s3YC7ajXPmOyg21hPrxWtUBdwrQYzh8Cyagta7jZatILgW\nW5+5/4Xzphht3jODoz9bsbkFz7dFZODjvlzNyX6X/Ws+0ivrqYzHPqT2sfTAio5v\nkqi06gYkEQfRtxsQbcRvG0K6Fo8BVM0vKKQE6U6b9LVqL3I3wGUBJPcRBH/MOgz3\ndDep5sP5UA/gTOpEvJpPNIQ7YhRDIuQv7f+PfDEzm8PvZLo4m/eDohJd7U3PpWTf\nOhYhN0FPj0jhSTP7k9lSuSJq9ZW//ssCggEBAIC4lg4oK9eUcIxoJ3bKUlfjFzTM\nhWm6kqUH5Xsc0zFc2UZOrLiuo7avudCURvh1du1QgcI///yI3zwuYXIbz1C+XDT/\n7TAc3u3f3lFovJ8ffIAgwyes/d6rFsBw0oKkPMy5zm6ra6pn3rH95Di3lM3+Fs6D\n0jrCQsqlAyOG7F7K59IWXMI6YczAhSjLhWX8eoLaAT8ZdgMOXqgYXOdCd+E0M3e7\n10cyfbaVxGLMZhoeb9G4/f/KU4C5qtkMJmlJ5Exd2SboJ3CXP7xHFZAcIViAAvWo\nhv/Tj5oOWXtVsfxNl7rL2jLNNmIgSy4dK404EDwhyHyGNrLOzeALYzVxWBc=\n-----END RSA PRIVATE KEY-----\n",
            "content_base64": null,
            "directory_permission": "0777",
            "file_permission": "0777",
            "filename": "kafka_pri_key",
            "id": "284e4c47b5f0265e6900f7f7ba27c39de79600e8",
            "sensitive_content": null,
            "source": null
          },
          "sensitive_attributes": [
            [
              {
                "type": "get_attr",
                "value": "content"
              }
            ]
          ],
          "private": "bnVsbA==",
          "dependencies": [
            "tls_private_key.kafka_ssh"
          ]
        }
      ]
    },
    {
      "mode": "managed",
      "type": "tls_private_key",
      "name": "kafka_ssh",
      "provider": "provider[\"registry.terraform.io/hashicorp/tls\"]",
      "instances": [
        {
          "schema_version": 1,
          "attributes": {
            "algorithm": "RSA",
            "ecdsa_curve": "P224",
            "id": "bb721a0e0ef809d89cefb4545da62eccd721954a",
            "private_key_openssh": "-----BEGIN OPENSSH PRIVATE KEY-----\nb3BlbnNzaC1rZXktdjEAAAAABG5vbmUAAAAEbm9uZQAAAAAAAAABAAACFwAAAAdz\nc2gtcnNhAAAAAwEAAQAAAgEAzmsd5FW8ew03bf4G0C5wqwrKh+1W+5hTyBIgZ8We\nWZBo39p9MtZpqCRaPheWl6CXGbDtTVWxoxL688DRb8Jx9DrrDCr5g2sXtdKu84Bw\niO4XuY/71RDA7OkJMYiec82UpblBd4j8bKv5oN76x1AMf1yOeJPrT1qssDCxiBik\nDKSfOka0c79zTyZ5qu5AxayfCbCWkjMFFGD6tRm7nyC2Og9PZC8tKBcI5zaTbBWL\nwhKptf3XPK8AZsHRUA3yUNo+lT0RXNh+LlzfzUHByh/OIOIixJv1NUFyyjMdJi1I\nnKt7RHZ8M9ds900mAMxKpiDvQp9Dre7m8sPAfvX6hhIwC2zGJlSbNu2qh7vUH3uz\nxm8UgZ5hqqdoodiTiuM9J9wJG95yQNYGYo+xBrsEUk7OHsC7ZyxukJKcz63r+1qD\nkLf8IPZeu3+KYFHk99ZC7pHFt9j06ryVXro2z8mXtUPR7+skkm9B+FNQx/mRly+6\ngmia2udm3r9F8duY3A1urI7/taOAa/QHQ75L6EDSMR2BdcCOFXZQJn7cA+12KrMV\nBL/QPS9NPv5aUqgrisPjjlTBIuRH9leURXxB0i2lF+Xb4eE5JjBGybCEJeCpobOM\n8cYESKFybQB723BsExcBy7gBLmwFs4kjV4wrhKx0QpRe7toLKuXtp9WP8XRE1HUM\n2Y0AAAc4ytm/bcrZv20AAAAHc3NoLXJzYQAAAgEAzmsd5FW8ew03bf4G0C5wqwrK\nh+1W+5hTyBIgZ8WeWZBo39p9MtZpqCRaPheWl6CXGbDtTVWxoxL688DRb8Jx9Drr\nDCr5g2sXtdKu84BwiO4XuY/71RDA7OkJMYiec82UpblBd4j8bKv5oN76x1AMf1yO\neJPrT1qssDCxiBikDKSfOka0c79zTyZ5qu5AxayfCbCWkjMFFGD6tRm7nyC2Og9P\nZC8tKBcI5zaTbBWLwhKptf3XPK8AZsHRUA3yUNo+lT0RXNh+LlzfzUHByh/OIOIi\nxJv1NUFyyjMdJi1InKt7RHZ8M9ds900mAMxKpiDvQp9Dre7m8sPAfvX6hhIwC2zG\nJlSbNu2qh7vUH3uzxm8UgZ5hqqdoodiTiuM9J9wJG95yQNYGYo+xBrsEUk7OHsC7\nZyxukJKcz63r+1qDkLf8IPZeu3+KYFHk99ZC7pHFt9j06ryVXro2z8mXtUPR7+sk\nkm9B+FNQx/mRly+6gmia2udm3r9F8duY3A1urI7/taOAa/QHQ75L6EDSMR2BdcCO\nFXZQJn7cA+12KrMVBL/QPS9NPv5aUqgrisPjjlTBIuRH9leURXxB0i2lF+Xb4eE5\nJjBGybCEJeCpobOM8cYESKFybQB723BsExcBy7gBLmwFs4kjV4wrhKx0QpRe7toL\nKuXtp9WP8XRE1HUM2Y0AAAADAQABAAACAA3YiYzDY30ticZK/9H/C3etpaAwf2Eo\n+pW1AY90ZgbD9QTu9u7uCvBIX/VCR8ur7fa/M2u4j83MfCDVkjbY6CPlv9Z1G3+B\nM3nyw+F5gBLvRZAg5FeKZCaACynTbC2AYLQtFQMboTL45imwS0oLSItSfgwAgAw2\nnNbErWPfo0Fl2XhjPb913Bo3Dno0uQuJZLGVssPjwDd5uddj/n3SB+clF8I0l+bU\nhLhdpM3fNBy0e8XFXSao5nH+Fjg0d0iNGx2PlxaPPweFG039Vy5jq8Pw5zwg6fXE\nihqeCxqAdxprNj2FZRdlH94GwsHS8j7qfqINZNDJ8ZvfHY5mmYNcvPQoY+FyfSJG\nZqxiHOhD4rQT3Lcbbzlqu18K+NzjEv0EhgFfe8NCGgqlauJ4JTXIuW0lNneKPSj4\nop4j/XOHUxNCaYYw4yCpL+8nX4QxUCw/9mPEGFqACPnzv6ytKMtOiQpMRGt9jiy0\ne7oBLtuSoDnYPKrnNyM/e2KgvcvWOsUsI0YyLi/39NpYhrXQNtszNvLjk0Q+sd63\nSA/RYZF3qFlPQB/+WRBnMLNnPq0bYBdYdQmqwNLVPSM6qvR62d3p91TT7AAP88DG\ngG5lPcGOLafTBTAPZ9fu9gQFH2//brpaX5E0+TCWlQMxLHJ3y1Fo25yZFWzuxR3/\nGyfRUWpJ5oRRAAABAQCAuJYOKCvXlHCMaCd2ylJX4xc0zIVpupKlB+V7HNMxXNlG\nTqy4rqO2r7nQlEb4dXbtUIHCP//8iN88LmFyG89Qvlw0/+0wHN7t395RaLyfH3yA\nIMMnrP3eqxbAcNKCpDzMuc5uq2uqZ96x/eQ4t5TN/hbOg9I6wkLKpQMjhuxeyufS\nFlzCOmHMwIUoy4Vl/HqC2gE/GXYDDl6oGFznQnfhNDN3u9dHMn22lcRizGYaHm/R\nuP3/ylOAuarZDCZpSeRMXdkm6Cdwlz+8RxWQHCFYgAL1qIb/04+aDll7VbH8TZe6\ny9oyzTZiIEsuHSuNOBA8Ich8hjayzs3gC2M1cVgXAAABAQDiPp9tk4CutU+9mCa5\nIcEC77EyIv/4aB0SUb0kdmuYFWhmQaizVy+lDg0BSJbXKltcuuzLKB9+fajI7b8j\ndNnCgPOdYw+DsHTtbR03aEdVVHZ/7xrWa3VdAN8UJegprPXZPSk9zTejSA1Kj4sr\nDhW+dVP2jdAIB10HuMy4cP4SfTaMAA7t+IJLPFLIZD2bgWCO62+9/Yel/zsYId9F\nV0CK9049qE3zSBu/yGCyyTkPo2E6vJLVfKrfp5yujtHVjakFI5jANl8WlvwWEf+d\nRRN9Ji4Qs9mJuPFVGujUTPPZ+xKX1ahHIcM6zCpBGqZhNsiLrputQnoPexo9ehop\ncKdLAAABAQDpkPhwUFgqZ239OjPhYN+Jcq0B44m5q9vB1jGuAw+voG5uzl4GbE1F\nKSerxpFs+HG1UfZ+0VHCnfEqqme6v9SwQKyf8+UJGBgoNuOoJoAYLuIp9kl4etvP\nuNPGmKzDPOvI1fRgLgpf4MB0QdQGyB3nfwaZJNom5t+X/DY7N0CaTMjZSMx6A3DF\nsVca+2EZ/AAVF1w64N01LW8RWMmcOSr0tKOPg+/dHi0gozO7FB5Dsj92JyHupLzd\ndxW2KCpaimP/NbLxlselRSl2BtCtvK/j8jCo+cfx32RzKqo1vG0d+GPGiaJy1ITR\nC0h4DsRBTn/ydzri0+YD+eHm0nAHFEOHAAAAAAEC\n-----END OPENSSH PRIVATE KEY-----\n",
            "private_key_pem": "-----BEGIN RSA PRIVATE KEY-----\nMIIJKAIBAAKCAgEAzmsd5FW8ew03bf4G0C5wqwrKh+1W+5hTyBIgZ8WeWZBo39p9\nMtZpqCRaPheWl6CXGbDtTVWxoxL688DRb8Jx9DrrDCr5g2sXtdKu84BwiO4XuY/7\n1RDA7OkJMYiec82UpblBd4j8bKv5oN76x1AMf1yOeJPrT1qssDCxiBikDKSfOka0\nc79zTyZ5qu5AxayfCbCWkjMFFGD6tRm7nyC2Og9PZC8tKBcI5zaTbBWLwhKptf3X\nPK8AZsHRUA3yUNo+lT0RXNh+LlzfzUHByh/OIOIixJv1NUFyyjMdJi1InKt7RHZ8\nM9ds900mAMxKpiDvQp9Dre7m8sPAfvX6hhIwC2zGJlSbNu2qh7vUH3uzxm8UgZ5h\nqqdoodiTiuM9J9wJG95yQNYGYo+xBrsEUk7OHsC7ZyxukJKcz63r+1qDkLf8IPZe\nu3+KYFHk99ZC7pHFt9j06ryVXro2z8mXtUPR7+skkm9B+FNQx/mRly+6gmia2udm\n3r9F8duY3A1urI7/taOAa/QHQ75L6EDSMR2BdcCOFXZQJn7cA+12KrMVBL/QPS9N\nPv5aUqgrisPjjlTBIuRH9leURXxB0i2lF+Xb4eE5JjBGybCEJeCpobOM8cYESKFy\nbQB723BsExcBy7gBLmwFs4kjV4wrhKx0QpRe7toLKuXtp9WP8XRE1HUM2Y0CAwEA\nAQKCAgAN2ImMw2N9LYnGSv/R/wt3raWgMH9hKPqVtQGPdGYGw/UE7vbu7grwSF/1\nQkfLq+32vzNruI/NzHwg1ZI22Ogj5b/WdRt/gTN58sPheYAS70WQIORXimQmgAsp\n02wtgGC0LRUDG6Ey+OYpsEtKC0iLUn4MAIAMNpzWxK1j36NBZdl4Yz2/ddwaNw56\nNLkLiWSxlbLD48A3ebnXY/590gfnJRfCNJfm1IS4XaTN3zQctHvFxV0mqOZx/hY4\nNHdIjRsdj5cWjz8HhRtN/VcuY6vD8Oc8IOn1xIoangsagHcaazY9hWUXZR/eBsLB\n0vI+6n6iDWTQyfGb3x2OZpmDXLz0KGPhcn0iRmasYhzoQ+K0E9y3G285artfCvjc\n4xL9BIYBX3vDQhoKpWrieCU1yLltJTZ3ij0o+KKeI/1zh1MTQmmGMOMgqS/vJ1+E\nMVAsP/ZjxBhagAj587+srSjLTokKTERrfY4stHu6AS7bkqA52Dyq5zcjP3tioL3L\n1jrFLCNGMi4v9/TaWIa10DbbMzby45NEPrHet0gP0WGRd6hZT0Af/lkQZzCzZz6t\nG2AXWHUJqsDS1T0jOqr0etnd6fdU0+wAD/PAxoBuZT3Bji2n0wUwD2fX7vYEBR9v\n/266Wl+RNPkwlpUDMSxyd8tRaNucmRVs7sUd/xsn0VFqSeaEUQKCAQEA4j6fbZOA\nrrVPvZgmuSHBAu+xMiL/+GgdElG9JHZrmBVoZkGos1cvpQ4NAUiW1ypbXLrsyygf\nfn2oyO2/I3TZwoDznWMPg7B07W0dN2hHVVR2f+8a1mt1XQDfFCXoKaz12T0pPc03\no0gNSo+LKw4VvnVT9o3QCAddB7jMuHD+En02jAAO7fiCSzxSyGQ9m4Fgjutvvf2H\npf87GCHfRVdAivdOPahN80gbv8hgssk5D6NhOryS1Xyq36ecro7R1Y2pBSOYwDZf\nFpb8FhH/nUUTfSYuELPZibjxVRro1Ezz2fsSl9WoRyHDOswqQRqmYTbIi66brUJ6\nD3saPXoaKXCnSwKCAQEA6ZD4cFBYKmdt/Toz4WDfiXKtAeOJuavbwdYxrgMPr6Bu\nbs5eBmxNRSknq8aRbPhxtVH2ftFRwp3xKqpnur/UsECsn/PlCRgYKDbjqCaAGC7i\nKfZJeHrbz7jTxpiswzzryNX0YC4KX+DAdEHUBsgd538GmSTaJubfl/w2OzdAmkzI\n2UjMegNwxbFXGvthGfwAFRdcOuDdNS1vEVjJnDkq9LSjj4Pv3R4tIKMzuxQeQ7I/\ndich7qS83XcVtigqWopj/zWy8ZbHpUUpdgbQrbyv4/IwqPnH8d9kcyqqNbxtHfhj\nxomictSE0QtIeA7EQU5/8nc64tPmA/nh5tJwBxRDhwKCAQAmXSoZoZ57gaFA7BD8\n6Z1aCx0H/GldTQJI/fVNvormIhMu68lYh9s7aNOJuS5i0/rkEYpftLEKePJrB+2W\nbJUUZ1tn/8k8smpRbGQ85gDallT1wqzRWS1wlNo/B2KD1qFlsfpRUYAyvuAKGacm\nqN/FCQ4wy8FP6ze6PHryd66Nog/i04u0jKRDb7o14tGTke+2rHOpStl6q3nw0KWU\nk4QNTHxG9kgpjbuu3KKRDpAPd8vf8uQPMXGkNT7bVrp8NOZJScz4IwAiy315nJm0\nqGbynMvI50ZnFSZPIR4ECfx7pRh1CLTdQvtg+AfePE+kQm7lSLl7Or+J6nz7mb3f\n8wtbAoIBAFdTa3/amkwoZZgzBaizZoBmTscRArJXzg83/VUZMekxK3jkUYVHQtCj\n5YA0+rRqY2EupuGdc1s3YC7ajXPmOyg21hPrxWtUBdwrQYzh8Cyagta7jZatILgW\nW5+5/4Xzphht3jODoz9bsbkFz7dFZODjvlzNyX6X/Ws+0ivrqYzHPqT2sfTAio5v\nkqi06gYkEQfRtxsQbcRvG0K6Fo8BVM0vKKQE6U6b9LVqL3I3wGUBJPcRBH/MOgz3\ndDep5sP5UA/gTOpEvJpPNIQ7YhRDIuQv7f+PfDEzm8PvZLo4m/eDohJd7U3PpWTf\nOhYhN0FPj0jhSTP7k9lSuSJq9ZW//ssCggEBAIC4lg4oK9eUcIxoJ3bKUlfjFzTM\nhWm6kqUH5Xsc0zFc2UZOrLiuo7avudCURvh1du1QgcI///yI3zwuYXIbz1C+XDT/\n7TAc3u3f3lFovJ8ffIAgwyes/d6rFsBw0oKkPMy5zm6ra6pn3rH95Di3lM3+Fs6D\n0jrCQsqlAyOG7F7K59IWXMI6YczAhSjLhWX8eoLaAT8ZdgMOXqgYXOdCd+E0M3e7\n10cyfbaVxGLMZhoeb9G4/f/KU4C5qtkMJmlJ5Exd2SboJ3CXP7xHFZAcIViAAvWo\nhv/Tj5oOWXtVsfxNl7rL2jLNNmIgSy4dK404EDwhyHyGNrLOzeALYzVxWBc=\n-----END RSA PRIVATE KEY-----\n",
            "private_key_pem_pkcs8": "-----BEGIN PRIVATE KEY-----\nMIIJQgIBADANBgkqhkiG9w0BAQEFAASCCSwwggkoAgEAAoICAQDOax3kVbx7DTdt\n/gbQLnCrCsqH7Vb7mFPIEiBnxZ5ZkGjf2n0y1mmoJFo+F5aXoJcZsO1NVbGjEvrz\nwNFvwnH0OusMKvmDaxe10q7zgHCI7he5j/vVEMDs6QkxiJ5zzZSluUF3iPxsq/mg\n3vrHUAx/XI54k+tPWqywMLGIGKQMpJ86RrRzv3NPJnmq7kDFrJ8JsJaSMwUUYPq1\nGbufILY6D09kLy0oFwjnNpNsFYvCEqm1/dc8rwBmwdFQDfJQ2j6VPRFc2H4uXN/N\nQcHKH84g4iLEm/U1QXLKMx0mLUicq3tEdnwz12z3TSYAzEqmIO9Cn0Ot7ubyw8B+\n9fqGEjALbMYmVJs27aqHu9Qfe7PGbxSBnmGqp2ih2JOK4z0n3Akb3nJA1gZij7EG\nuwRSTs4ewLtnLG6QkpzPrev7WoOQt/wg9l67f4pgUeT31kLukcW32PTqvJVeujbP\nyZe1Q9Hv6ySSb0H4U1DH+ZGXL7qCaJra52bev0Xx25jcDW6sjv+1o4Br9AdDvkvo\nQNIxHYF1wI4VdlAmftwD7XYqsxUEv9A9L00+/lpSqCuKw+OOVMEi5Ef2V5RFfEHS\nLaUX5dvh4TkmMEbJsIQl4Kmhs4zxxgRIoXJtAHvbcGwTFwHLuAEubAWziSNXjCuE\nrHRClF7u2gsq5e2n1Y/xdETUdQzZjQIDAQABAoICAA3YiYzDY30ticZK/9H/C3et\npaAwf2Eo+pW1AY90ZgbD9QTu9u7uCvBIX/VCR8ur7fa/M2u4j83MfCDVkjbY6CPl\nv9Z1G3+BM3nyw+F5gBLvRZAg5FeKZCaACynTbC2AYLQtFQMboTL45imwS0oLSItS\nfgwAgAw2nNbErWPfo0Fl2XhjPb913Bo3Dno0uQuJZLGVssPjwDd5uddj/n3SB+cl\nF8I0l+bUhLhdpM3fNBy0e8XFXSao5nH+Fjg0d0iNGx2PlxaPPweFG039Vy5jq8Pw\n5zwg6fXEihqeCxqAdxprNj2FZRdlH94GwsHS8j7qfqINZNDJ8ZvfHY5mmYNcvPQo\nY+FyfSJGZqxiHOhD4rQT3Lcbbzlqu18K+NzjEv0EhgFfe8NCGgqlauJ4JTXIuW0l\nNneKPSj4op4j/XOHUxNCaYYw4yCpL+8nX4QxUCw/9mPEGFqACPnzv6ytKMtOiQpM\nRGt9jiy0e7oBLtuSoDnYPKrnNyM/e2KgvcvWOsUsI0YyLi/39NpYhrXQNtszNvLj\nk0Q+sd63SA/RYZF3qFlPQB/+WRBnMLNnPq0bYBdYdQmqwNLVPSM6qvR62d3p91TT\n7AAP88DGgG5lPcGOLafTBTAPZ9fu9gQFH2//brpaX5E0+TCWlQMxLHJ3y1Fo25yZ\nFWzuxR3/GyfRUWpJ5oRRAoIBAQDiPp9tk4CutU+9mCa5IcEC77EyIv/4aB0SUb0k\ndmuYFWhmQaizVy+lDg0BSJbXKltcuuzLKB9+fajI7b8jdNnCgPOdYw+DsHTtbR03\naEdVVHZ/7xrWa3VdAN8UJegprPXZPSk9zTejSA1Kj4srDhW+dVP2jdAIB10HuMy4\ncP4SfTaMAA7t+IJLPFLIZD2bgWCO62+9/Yel/zsYId9FV0CK9049qE3zSBu/yGCy\nyTkPo2E6vJLVfKrfp5yujtHVjakFI5jANl8WlvwWEf+dRRN9Ji4Qs9mJuPFVGujU\nTPPZ+xKX1ahHIcM6zCpBGqZhNsiLrputQnoPexo9ehopcKdLAoIBAQDpkPhwUFgq\nZ239OjPhYN+Jcq0B44m5q9vB1jGuAw+voG5uzl4GbE1FKSerxpFs+HG1UfZ+0VHC\nnfEqqme6v9SwQKyf8+UJGBgoNuOoJoAYLuIp9kl4etvPuNPGmKzDPOvI1fRgLgpf\n4MB0QdQGyB3nfwaZJNom5t+X/DY7N0CaTMjZSMx6A3DFsVca+2EZ/AAVF1w64N01\nLW8RWMmcOSr0tKOPg+/dHi0gozO7FB5Dsj92JyHupLzddxW2KCpaimP/NbLxlsel\nRSl2BtCtvK/j8jCo+cfx32RzKqo1vG0d+GPGiaJy1ITRC0h4DsRBTn/ydzri0+YD\n+eHm0nAHFEOHAoIBACZdKhmhnnuBoUDsEPzpnVoLHQf8aV1NAkj99U2+iuYiEy7r\nyViH2zto04m5LmLT+uQRil+0sQp48msH7ZZslRRnW2f/yTyyalFsZDzmANqWVPXC\nrNFZLXCU2j8HYoPWoWWx+lFRgDK+4AoZpyao38UJDjDLwU/rN7o8evJ3ro2iD+LT\ni7SMpENvujXi0ZOR77asc6lK2XqrefDQpZSThA1MfEb2SCmNu67copEOkA93y9/y\n5A8xcaQ1PttWunw05klJzPgjACLLfXmcmbSoZvKcy8jnRmcVJk8hHgQJ/HulGHUI\ntN1C+2D4B948T6RCbuVIuXs6v4nqfPuZvd/zC1sCggEAV1Nrf9qaTChlmDMFqLNm\ngGZOxxECslfODzf9VRkx6TEreORRhUdC0KPlgDT6tGpjYS6m4Z1zWzdgLtqNc+Y7\nKDbWE+vFa1QF3CtBjOHwLJqC1ruNlq0guBZbn7n/hfOmGG3eM4OjP1uxuQXPt0Vk\n4OO+XM3Jfpf9az7SK+upjMc+pPax9MCKjm+SqLTqBiQRB9G3GxBtxG8bQroWjwFU\nzS8opATpTpv0tWovcjfAZQEk9xEEf8w6DPd0N6nmw/lQD+BM6kS8mk80hDtiFEMi\n5C/t/498MTObw+9kujib94OiEl3tTc+lZN86FiE3QU+PSOFJM/uT2VK5Imr1lb/+\nywKCAQEAgLiWDigr15RwjGgndspSV+MXNMyFabqSpQflexzTMVzZRk6suK6jtq+5\n0JRG+HV27VCBwj///IjfPC5hchvPUL5cNP/tMBze7d/eUWi8nx98gCDDJ6z93qsW\nwHDSgqQ8zLnObqtrqmfesf3kOLeUzf4WzoPSOsJCyqUDI4bsXsrn0hZcwjphzMCF\nKMuFZfx6gtoBPxl2Aw5eqBhc50J34TQzd7vXRzJ9tpXEYsxmGh5v0bj9/8pTgLmq\n2QwmaUnkTF3ZJugncJc/vEcVkBwhWIAC9aiG/9OPmg5Ze1Wx/E2XusvaMs02YiBL\nLh0rjTgQPCHIfIY2ss7N4AtjNXFYFw==\n-----END PRIVATE KEY-----\n",
            "public_key_fingerprint_md5": "c4:cc:ca:94:34:df:98:90:59:c2:48:ea:56:43:b8:21",
            "public_key_fingerprint_sha256": "SHA256:wD/R6rr4UDYemoPC57/I1Iphhid0TIsWvFM1IjGiEUE",
            "public_key_openssh": "ssh-rsa AAAAB3NzaC1yc2EAAAADAQABAAACAQDOax3kVbx7DTdt/gbQLnCrCsqH7Vb7mFPIEiBnxZ5ZkGjf2n0y1mmoJFo+F5aXoJcZsO1NVbGjEvrzwNFvwnH0OusMKvmDaxe10q7zgHCI7he5j/vVEMDs6QkxiJ5zzZSluUF3iPxsq/mg3vrHUAx/XI54k+tPWqywMLGIGKQMpJ86RrRzv3NPJnmq7kDFrJ8JsJaSMwUUYPq1GbufILY6D09kLy0oFwjnNpNsFYvCEqm1/dc8rwBmwdFQDfJQ2j6VPRFc2H4uXN/NQcHKH84g4iLEm/U1QXLKMx0mLUicq3tEdnwz12z3TSYAzEqmIO9Cn0Ot7ubyw8B+9fqGEjALbMYmVJs27aqHu9Qfe7PGbxSBnmGqp2ih2JOK4z0n3Akb3nJA1gZij7EGuwRSTs4ewLtnLG6QkpzPrev7WoOQt/wg9l67f4pgUeT31kLukcW32PTqvJVeujbPyZe1Q9Hv6ySSb0H4U1DH+ZGXL7qCaJra52bev0Xx25jcDW6sjv+1o4Br9AdDvkvoQNIxHYF1wI4VdlAmftwD7XYqsxUEv9A9L00+/lpSqCuKw+OOVMEi5Ef2V5RFfEHSLaUX5dvh4TkmMEbJsIQl4Kmhs4zxxgRIoXJtAHvbcGwTFwHLuAEubAWziSNXjCuErHRClF7u2gsq5e2n1Y/xdETUdQzZjQ==\n",
            "public_key_pem": "-----BEGIN PUBLIC KEY-----\nMIICIjANBgkqhkiG9w0BAQEFAAOCAg8AMIICCgKCAgEAzmsd5FW8ew03bf4G0C5w\nqwrKh+1W+5hTyBIgZ8WeWZBo39p9MtZpqCRaPheWl6CXGbDtTVWxoxL688DRb8Jx\n9DrrDCr5g2sXtdKu84BwiO4XuY/71RDA7OkJMYiec82UpblBd4j8bKv5oN76x1AM\nf1yOeJPrT1qssDCxiBikDKSfOka0c79zTyZ5qu5AxayfCbCWkjMFFGD6tRm7nyC2\nOg9PZC8tKBcI5zaTbBWLwhKptf3XPK8AZsHRUA3yUNo+lT0RXNh+LlzfzUHByh/O\nIOIixJv1NUFyyjMdJi1InKt7RHZ8M9ds900mAMxKpiDvQp9Dre7m8sPAfvX6hhIw\nC2zGJlSbNu2qh7vUH3uzxm8UgZ5hqqdoodiTiuM9J9wJG95yQNYGYo+xBrsEUk7O\nHsC7ZyxukJKcz63r+1qDkLf8IPZeu3+KYFHk99ZC7pHFt9j06ryVXro2z8mXtUPR\n7+skkm9B+FNQx/mRly+6gmia2udm3r9F8duY3A1urI7/taOAa/QHQ75L6EDSMR2B\ndcCOFXZQJn7cA+12KrMVBL/QPS9NPv5aUqgrisPjjlTBIuRH9leURXxB0i2lF+Xb\n4eE5JjBGybCEJeCpobOM8cYESKFybQB723BsExcBy7gBLmwFs4kjV4wrhKx0QpRe\n7toLKuXtp9WP8XRE1HUM2Y0CAwEAAQ==\n-----END PUBLIC KEY-----\n",
            "rsa_bits": 4096
          },
          "sensitive_attributes": []
        }
      ]
    }
  ]
}
